# THIS IS AN AUTOGENERATED FILE. DO NOT EDIT THIS FILE DIRECTLY.
# yarn lockfile v1


lodash@^4.0.0:
  version "4.17.4"
  resolved "http://registry.npm.taobao.org/lodash/download/lodash-4.17.4.tgz#78203a4d1c328ae1d86dca6460e369b57f4055ae"

sax@>=0.6.0:
  version "1.2.1"
  resolved "http://registry.npm.taobao.org/sax/download/sax-1.2.1.tgz#7b8e656190b228e81a66aea748480d828cd2d37a"

svgfont2js@^0.1.2:
  version "0.1.2"
  resolved "http://registry.npm.taobao.org/svgfont2js/download/svgfont2js-0.1.2.tgz#544857d13b07958378a7eec3e3637f4091dffced"
  dependencies:
    svgpath "^1.0.7"
    xml2js "^0.4.5"

svgpath@^1.0.7:
  version "1.0.7"
  resolved "http://registry.npm.taobao.org/svgpath/download/svgpath-1.0.7.tgz#e554212b87e5d0469141a284c020c87f5c9a4ed0"

xml2js@^0.4.5:
  version "0.4.17"
  resolved "http://registry.npm.taobao.org/xml2js/download/xml2js-0.4.17.tgz#17be93eaae3f3b779359c795b419705a8817e868"
  dependencies:
    sax ">=0.6.0"
    xmlbuilder "^4.1.0"

xmlbuilder@^4.1.0:
  version "4.2.1"
  resolved "http://registry.npm.taobao.org/xmlbuilder/download/xmlbuilder-4.2.1.tgz#aa58a3041a066f90eaa16c2f5389ff19f3f461a5"
  dependencies:
    lodash "^4.0.0"
